
Microsoft Visual Studio Solution File, Format Version 12.00
# Visual Studio Version 17
VisualStudioVersion = 17.10.35027.167
MinimumVisualStudioVersion = 10.0.40219.1
Project("{9A19103F-16F7-4668-BE54-9A1E7A4F7556}") = "Transcode", "Transcode\Transcode.csproj", "{7837F980-A402-42D2-A7F2-E4E403EA7FE2}"
EndProject
Project("{9A19103F-16F7-4668-BE54-9A1E7A4F7556}") = "Common", "Common\Common.csproj", "{29AD81E9-C79B-4569-B657-AE3B11442F92}"
EndProject
Project("{2150E333-8FDC-42A3-9474-1A3956D46DE8}") = "FFmpeg.Examples", "FFmpeg.Examples", "{834926CE-658E-4945-9F4B-F1F5324745B6}"
EndProject
Project("{9A19103F-16F7-4668-BE54-9A1E7A4F7556}") = "Remux", "FFmpeg.Examples\Remux\Remux.csproj", "{E3B0FD8A-5B7A-4D52-9EE5-08FF5B97E8C8}"
EndProject
Project("{9A19103F-16F7-4668-BE54-9A1E7A4F7556}") = "DemuxDecode", "FFmpeg.Examples\DemuxDecode\DemuxDecode.csproj", "{1C406016-81E8-4E48-ABF4-BAC35CCD36A4}"
EndProject
Project("{9A19103F-16F7-4668-BE54-9A1E7A4F7556}") = "DecodeFilterAudio", "FFmpeg.Examples\DecodeFilterAudio\DecodeFilterAudio.csproj", "{35856532-C0DF-417C-A701-EB0D0053DC8E}"
EndProject
Project("{9A19103F-16F7-4668-BE54-9A1E7A4F7556}") = "DecodeFilterVideo", "FFmpeg.Examples\DecodeFilterVideo\DecodeFilterVideo.csproj", "{177B593A-DA03-43B5-B9E1-E1EA27FCEC44}"
EndProject
Project("{9A19103F-16F7-4668-BE54-9A1E7A4F7556}") = "HWDecode", "FFmpeg.Examples\ConsoleApp1\HWDecode.csproj", "{8ECE5B51-4FF7-4CD9-AABC-E778D87C6919}"
EndProject
Project("{9A19103F-16F7-4668-BE54-9A1E7A4F7556}") = "ScreenCaptureWithOverlay", "ScreenCaptureWithOverlay\ScreenCaptureWithOverlay.csproj", "{14A86B8F-2C39-497B-A4E6-330465A7889F}"
EndProject
Global
	GlobalSection(SolutionConfigurationPlatforms) = preSolution
		Debug|x64 = Debug|x64
		Debug|x86 = Debug|x86
		Release|x64 = Release|x64
		Release|x86 = Release|x86
	EndGlobalSection
	GlobalSection(ProjectConfigurationPlatforms) = postSolution
		{7837F980-A402-42D2-A7F2-E4E403EA7FE2}.Debug|x64.ActiveCfg = Debug|x64
		{7837F980-A402-42D2-A7F2-E4E403EA7FE2}.Debug|x64.Build.0 = Debug|x64
		{7837F980-A402-42D2-A7F2-E4E403EA7FE2}.Debug|x86.ActiveCfg = Debug|x86
		{7837F980-A402-42D2-A7F2-E4E403EA7FE2}.Debug|x86.Build.0 = Debug|x86
		{7837F980-A402-42D2-A7F2-E4E403EA7FE2}.Release|x64.ActiveCfg = Release|x64
		{7837F980-A402-42D2-A7F2-E4E403EA7FE2}.Release|x64.Build.0 = Release|x64
		{7837F980-A402-42D2-A7F2-E4E403EA7FE2}.Release|x86.ActiveCfg = Release|x86
		{7837F980-A402-42D2-A7F2-E4E403EA7FE2}.Release|x86.Build.0 = Release|x86
		{29AD81E9-C79B-4569-B657-AE3B11442F92}.Debug|x64.ActiveCfg = Debug|Any CPU
		{29AD81E9-C79B-4569-B657-AE3B11442F92}.Debug|x64.Build.0 = Debug|Any CPU
		{29AD81E9-C79B-4569-B657-AE3B11442F92}.Debug|x86.ActiveCfg = Debug|Any CPU
		{29AD81E9-C79B-4569-B657-AE3B11442F92}.Debug|x86.Build.0 = Debug|Any CPU
		{29AD81E9-C79B-4569-B657-AE3B11442F92}.Release|x64.ActiveCfg = Release|Any CPU
		{29AD81E9-C79B-4569-B657-AE3B11442F92}.Release|x64.Build.0 = Release|Any CPU
		{29AD81E9-C79B-4569-B657-AE3B11442F92}.Release|x86.ActiveCfg = Release|Any CPU
		{29AD81E9-C79B-4569-B657-AE3B11442F92}.Release|x86.Build.0 = Release|Any CPU
		{E3B0FD8A-5B7A-4D52-9EE5-08FF5B97E8C8}.Debug|x64.ActiveCfg = Debug|x64
		{E3B0FD8A-5B7A-4D52-9EE5-08FF5B97E8C8}.Debug|x64.Build.0 = Debug|x64
		{E3B0FD8A-5B7A-4D52-9EE5-08FF5B97E8C8}.Debug|x86.ActiveCfg = Debug|x86
		{E3B0FD8A-5B7A-4D52-9EE5-08FF5B97E8C8}.Debug|x86.Build.0 = Debug|x86
		{E3B0FD8A-5B7A-4D52-9EE5-08FF5B97E8C8}.Release|x64.ActiveCfg = Release|x64
		{E3B0FD8A-5B7A-4D52-9EE5-08FF5B97E8C8}.Release|x64.Build.0 = Release|x64
		{E3B0FD8A-5B7A-4D52-9EE5-08FF5B97E8C8}.Release|x86.ActiveCfg = Release|x86
		{E3B0FD8A-5B7A-4D52-9EE5-08FF5B97E8C8}.Release|x86.Build.0 = Release|x86
		{1C406016-81E8-4E48-ABF4-BAC35CCD36A4}.Debug|x64.ActiveCfg = Debug|x64
		{1C406016-81E8-4E48-ABF4-BAC35CCD36A4}.Debug|x64.Build.0 = Debug|x64
		{1C406016-81E8-4E48-ABF4-BAC35CCD36A4}.Debug|x86.ActiveCfg = Debug|x86
		{1C406016-81E8-4E48-ABF4-BAC35CCD36A4}.Debug|x86.Build.0 = Debug|x86
		{1C406016-81E8-4E48-ABF4-BAC35CCD36A4}.Release|x64.ActiveCfg = Release|x64
		{1C406016-81E8-4E48-ABF4-BAC35CCD36A4}.Release|x64.Build.0 = Release|x64
		{1C406016-81E8-4E48-ABF4-BAC35CCD36A4}.Release|x86.ActiveCfg = Release|x86
		{1C406016-81E8-4E48-ABF4-BAC35CCD36A4}.Release|x86.Build.0 = Release|x86
		{35856532-C0DF-417C-A701-EB0D0053DC8E}.Debug|x64.ActiveCfg = Debug|x64
		{35856532-C0DF-417C-A701-EB0D0053DC8E}.Debug|x64.Build.0 = Debug|x64
		{35856532-C0DF-417C-A701-EB0D0053DC8E}.Debug|x86.ActiveCfg = Debug|x86
		{35856532-C0DF-417C-A701-EB0D0053DC8E}.Debug|x86.Build.0 = Debug|x86
		{35856532-C0DF-417C-A701-EB0D0053DC8E}.Release|x64.ActiveCfg = Release|x64
		{35856532-C0DF-417C-A701-EB0D0053DC8E}.Release|x64.Build.0 = Release|x64
		{35856532-C0DF-417C-A701-EB0D0053DC8E}.Release|x86.ActiveCfg = Release|x86
		{35856532-C0DF-417C-A701-EB0D0053DC8E}.Release|x86.Build.0 = Release|x86
		{177B593A-DA03-43B5-B9E1-E1EA27FCEC44}.Debug|x64.ActiveCfg = Debug|x64
		{177B593A-DA03-43B5-B9E1-E1EA27FCEC44}.Debug|x64.Build.0 = Debug|x64
		{177B593A-DA03-43B5-B9E1-E1EA27FCEC44}.Debug|x86.ActiveCfg = Debug|x86
		{177B593A-DA03-43B5-B9E1-E1EA27FCEC44}.Debug|x86.Build.0 = Debug|x86
		{177B593A-DA03-43B5-B9E1-E1EA27FCEC44}.Release|x64.ActiveCfg = Release|x64
		{177B593A-DA03-43B5-B9E1-E1EA27FCEC44}.Release|x64.Build.0 = Release|x64
		{177B593A-DA03-43B5-B9E1-E1EA27FCEC44}.Release|x86.ActiveCfg = Release|x86
		{177B593A-DA03-43B5-B9E1-E1EA27FCEC44}.Release|x86.Build.0 = Release|x86
		{8ECE5B51-4FF7-4CD9-AABC-E778D87C6919}.Debug|x64.ActiveCfg = Debug|x64
		{8ECE5B51-4FF7-4CD9-AABC-E778D87C6919}.Debug|x64.Build.0 = Debug|x64
		{8ECE5B51-4FF7-4CD9-AABC-E778D87C6919}.Debug|x86.ActiveCfg = Debug|x86
		{8ECE5B51-4FF7-4CD9-AABC-E778D87C6919}.Debug|x86.Build.0 = Debug|x86
		{8ECE5B51-4FF7-4CD9-AABC-E778D87C6919}.Release|x64.ActiveCfg = Release|x64
		{8ECE5B51-4FF7-4CD9-AABC-E778D87C6919}.Release|x64.Build.0 = Release|x64
		{8ECE5B51-4FF7-4CD9-AABC-E778D87C6919}.Release|x86.ActiveCfg = Release|x86
		{8ECE5B51-4FF7-4CD9-AABC-E778D87C6919}.Release|x86.Build.0 = Release|x86
		{14A86B8F-2C39-497B-A4E6-330465A7889F}.Debug|x64.ActiveCfg = Debug|x64
		{14A86B8F-2C39-497B-A4E6-330465A7889F}.Debug|x64.Build.0 = Debug|x64
		{14A86B8F-2C39-497B-A4E6-330465A7889F}.Debug|x86.ActiveCfg = Debug|x86
		{14A86B8F-2C39-497B-A4E6-330465A7889F}.Debug|x86.Build.0 = Debug|x86
		{14A86B8F-2C39-497B-A4E6-330465A7889F}.Release|x64.ActiveCfg = Release|x64
		{14A86B8F-2C39-497B-A4E6-330465A7889F}.Release|x64.Build.0 = Release|x64
		{14A86B8F-2C39-497B-A4E6-330465A7889F}.Release|x86.ActiveCfg = Release|x86
		{14A86B8F-2C39-497B-A4E6-330465A7889F}.Release|x86.Build.0 = Release|x86
	EndGlobalSection
	GlobalSection(SolutionProperties) = preSolution
		HideSolutionNode = FALSE
	EndGlobalSection
	GlobalSection(NestedProjects) = preSolution
		{E3B0FD8A-5B7A-4D52-9EE5-08FF5B97E8C8} = {834926CE-658E-4945-9F4B-F1F5324745B6}
		{1C406016-81E8-4E48-ABF4-BAC35CCD36A4} = {834926CE-658E-4945-9F4B-F1F5324745B6}
		{35856532-C0DF-417C-A701-EB0D0053DC8E} = {834926CE-658E-4945-9F4B-F1F5324745B6}
		{177B593A-DA03-43B5-B9E1-E1EA27FCEC44} = {834926CE-658E-4945-9F4B-F1F5324745B6}
		{8ECE5B51-4FF7-4CD9-AABC-E778D87C6919} = {834926CE-658E-4945-9F4B-F1F5324745B6}
	EndGlobalSection
	GlobalSection(ExtensibilityGlobals) = postSolution
		SolutionGuid = {C7F03ED2-D8EC-43CA-829D-4F2756120ACA}
	EndGlobalSection
EndGlobal
